
Microsoft Visual Studio Solution File, Format Version 12.00
# Visual Studio Version 16
VisualStudioVersion = 16.0.31129.286
MinimumVisualStudioVersion = 10.0.40219.1
Project("{8BC9CEB8-8B4A-11D0-8D11-00A0C91BC942}") = "Exercice 1", "Exercice 1\Exercice 1.vcxproj", "{CE0F39FE-DFAC-4C6F-A353-F86989C46901}"
EndProject
Project("{8BC9CEB8-8B4A-11D0-8D11-00A0C91BC942}") = "Exercice 2", "Exercice 2\Exercice 2.vcxproj", "{A5F03461-186C-4D8C-AAF7-E6CEF436B1DA}"
EndProject
Global
	GlobalSection(SolutionConfigurationPlatforms) = preSolution
		Debug|x64 = Debug|x64
		Debug|x86 = Debug|x86
		Release|x64 = Release|x64
		Release|x86 = Release|x86
	EndGlobalSection
	GlobalSection(ProjectConfigurationPlatforms) = postSolution
		{CE0F39FE-DFAC-4C6F-A353-F86989C46901}.Debug|x64.ActiveCfg = Debug|x64
		{CE0F39FE-DFAC-4C6F-A353-F86989C46901}.Debug|x64.Build.0 = Debug|x64
		{CE0F39FE-DFAC-4C6F-A353-F86989C46901}.Debug|x86.ActiveCfg = Debug|Win32
		{CE0F39FE-DFAC-4C6F-A353-F86989C46901}.Debug|x86.Build.0 = Debug|Win32
		{CE0F39FE-DFAC-4C6F-A353-F86989C46901}.Release|x64.ActiveCfg = Release|x64
		{CE0F39FE-DFAC-4C6F-A353-F86989C46901}.Release|x64.Build.0 = Release|x64
		{CE0F39FE-DFAC-4C6F-A353-F86989C46901}.Release|x86.ActiveCfg = Release|Win32
		{CE0F39FE-DFAC-4C6F-A353-F86989C46901}.Release|x86.Build.0 = Release|Win32
		{A5F03461-186C-4D8C-AAF7-E6CEF436B1DA}.Debug|x64.ActiveCfg = Debug|x64
		{A5F03461-186C-4D8C-AAF7-E6CEF436B1DA}.Debug|x64.Build.0 = Debug|x64
		{A5F03461-186C-4D8C-AAF7-E6CEF436B1DA}.Debug|x86.ActiveCfg = Debug|Win32
		{A5F03461-186C-4D8C-AAF7-E6CEF436B1DA}.Debug|x86.Build.0 = Debug|Win32
		{A5F03461-186C-4D8C-AAF7-E6CEF436B1DA}.Release|x64.ActiveCfg = Release|x64
		{A5F03461-186C-4D8C-AAF7-E6CEF436B1DA}.Release|x64.Build.0 = Release|x64
		{A5F03461-186C-4D8C-AAF7-E6CEF436B1DA}.Release|x86.ActiveCfg = Release|Win32
		{A5F03461-186C-4D8C-AAF7-E6CEF436B1DA}.Release|x86.Build.0 = Release|Win32
	EndGlobalSection
	GlobalSection(SolutionProperties) = preSolution
		HideSolutionNode = FALSE
	EndGlobalSection
	GlobalSection(ExtensibilityGlobals) = postSolution
		SolutionGuid = {DE549838-5913-449E-8314-66D8AB75FEFA}
	EndGlobalSection
EndGlobal
